
Microsoft Visual Studio Solution File, Format Version 12.00
# Visual Studio Version 17
VisualStudioVersion = 17.7.34202.233
MinimumVisualStudioVersion = 10.0.40219.1
Project("{FAE04EC0-301F-11D3-BF4B-00C04F79EFBC}") = "Domain", "Domain\Domain.csproj", "{40E59FD6-9014-46D3-B8A3-00F5513F3E0D}"
EndProject
Global
	GlobalSection(SolutionConfigurationPlatforms) = preSolution
		Debug|Any CPU = Debug|Any CPU
		Release|Any CPU = Release|Any CPU
	EndGlobalSection
	GlobalSection(ProjectConfigurationPlatforms) = postSolution
		{40E59FD6-9014-46D3-B8A3-00F5513F3E0D}.Debug|Any CPU.ActiveCfg = Debug|Any CPU
		{40E59FD6-9014-46D3-B8A3-00F5513F3E0D}.Debug|Any CPU.Build.0 = Debug|Any CPU
		{40E59FD6-9014-46D3-B8A3-00F5513F3E0D}.Release|Any CPU.ActiveCfg = Release|Any CPU
		{40E59FD6-9014-46D3-B8A3-00F5513F3E0D}.Release|Any CPU.Build.0 = Release|Any CPU
	EndGlobalSection
	GlobalSection(SolutionProperties) = preSolution
		HideSolutionNode = FALSE
	EndGlobalSection
	GlobalSection(ExtensibilityGlobals) = postSolution
		SolutionGuid = {27437AD5-7493-4349-879D-92D5064E5937}
	EndGlobalSection
EndGlobal
